
Microsoft Visual Studio Solution File, Format Version 12.00
# Visual Studio Version 17
VisualStudioVersion = 17.2.32616.157
MinimumVisualStudioVersion = 10.0.40219.1
Project("{9A19103F-16F7-4668-BE54-9A1E7A4F7556}") = "DZ_20220710_Razor", "DZ_20220710_Razor\DZ_20220710_Razor.csproj", "{D51C2E6A-D36D-4DA1-BE64-ED3D4E33DD42}"
EndProject
Global
	GlobalSection(SolutionConfigurationPlatforms) = preSolution
		Debug|Any CPU = Debug|Any CPU
		Release|Any CPU = Release|Any CPU
	EndGlobalSection
	GlobalSection(ProjectConfigurationPlatforms) = postSolution
		{D51C2E6A-D36D-4DA1-BE64-ED3D4E33DD42}.Debug|Any CPU.ActiveCfg = Debug|Any CPU
		{D51C2E6A-D36D-4DA1-BE64-ED3D4E33DD42}.Debug|Any CPU.Build.0 = Debug|Any CPU
		{D51C2E6A-D36D-4DA1-BE64-ED3D4E33DD42}.Release|Any CPU.ActiveCfg = Release|Any CPU
		{D51C2E6A-D36D-4DA1-BE64-ED3D4E33DD42}.Release|Any CPU.Build.0 = Release|Any CPU
	EndGlobalSection
	GlobalSection(SolutionProperties) = preSolution
		HideSolutionNode = FALSE
	EndGlobalSection
	GlobalSection(ExtensibilityGlobals) = postSolution
		SolutionGuid = {E8EB2672-F227-41D8-AE78-7D172334DBE0}
	EndGlobalSection
EndGlobal
